// !$*UTF8*$!
{
	archiveVersion = 1;
	classes = {
	};
	objectVersion = 50;
	objects = {

/* Begin PBXBuildFile section */
		149AA40FCA35D8E4839A0161 /* Pods_FirebaseFeature.framework in Frameworks */ = {isa = PBXBuildFile; fileRef = 721CC75F7D6958546D4DD169 /* Pods_FirebaseFeature.framework */; };
		5836DD4620CBB30A00508DF5 /* AppDelegate.swift in Sources */ = {isa = PBXBuildFile; fileRef = 5836DD4520CBB30A00508DF5 /* AppDelegate.swift */; };
		5836DD4820CBB30A00508DF5 /* ViewController.swift in Sources */ = {isa = PBXBuildFile; fileRef = 5836DD4720CBB30A00508DF5 /* ViewController.swift */; };
		5836DD4B20CBB30A00508DF5 /* Main.storyboard in Resources */ = {isa = PBXBuildFile; fileRef = 5836DD4920CBB30A00508DF5 /* Main.storyboard */; };
		5836DD4D20CBB30B00508DF5 /* Assets.xcassets in Resources */ = {isa = PBXBuildFile; fileRef = 5836DD4C20CBB30B00508DF5 /* Assets.xcassets */; };
		5836DD5020CBB30B00508DF5 /* LaunchScreen.storyboard in Resources */ = {isa = PBXBuildFile; fileRef = 5836DD4E20CBB30B00508DF5 /* LaunchScreen.storyboard */; };
		5836DD5820CBB49900508DF5 /* GoogleService-Info.plist in Resources */ = {isa = PBXBuildFile; fileRef = 5836DD5720CBB49900508DF5 /* GoogleService-Info.plist */; };
/* End PBXBuildFile section */

/* Begin PBXFileReference section */
		5836DD4220CBB30A00508DF5 /* FirebaseFeature.app */ = {isa = PBXFileReference; explicitFileType = wrapper.application; includeInIndex = 0; path = FirebaseFeature.app; sourceTree = BUILT_PRODUCTS_DIR; };
		5836DD4520CBB30A00508DF5 /* AppDelegate.swift */ = {isa = PBXFileReference; lastKnownFileType = sourcecode.swift; path = AppDelegate.swift; sourceTree = "<group>"; };
		5836DD4720CBB30A00508DF5 /* ViewController.swift */ = {isa = PBXFileReference; lastKnownFileType = sourcecode.swift; path = ViewController.swift; sourceTree = "<group>"; };
		5836DD4A20CBB30A00508DF5 /* Base */ = {isa = PBXFileReference; lastKnownFileType = file.storyboard; name = Base; path = Base.lproj/Main.storyboard; sourceTree = "<group>"; };
		5836DD4C20CBB30B00508DF5 /* Assets.xcassets */ = {isa = PBXFileReference; lastKnownFileType = folder.assetcatalog; path = Assets.xcassets; sourceTree = "<group>"; };
		5836DD4F20CBB30B00508DF5 /* Base */ = {isa = PBXFileReference; lastKnownFileType = file.storyboard; name = Base; path = Base.lproj/LaunchScreen.storyboard; sourceTree = "<group>"; };
		5836DD5120CBB30B00508DF5 /* Info.plist */ = {isa = PBXFileReference; lastKnownFileType = text.plist.xml; path = Info.plist; sourceTree = "<group>"; };
		5836DD5720CBB49900508DF5 /* GoogleService-Info.plist */ = {isa = PBXFileReference; fileEncoding = 4; lastKnownFileType = text.plist.xml; path = "GoogleService-Info.plist"; sourceTree = "<group>"; };
		721CC75F7D6958546D4DD169 /* Pods_FirebaseFeature.framework */ = {isa = PBXFileReference; explicitFileType = wrapper.framework; includeInIndex = 0; path = Pods_FirebaseFeature.framework; sourceTree = BUILT_PRODUCTS_DIR; };
		7A2BB63140BAC2C07B6B1FF4 /* Pods-FirebaseFeature.debug.xcconfig */ = {isa = PBXFileReference; includeInIndex = 1; lastKnownFileType = text.xcconfig; name = "Pods-FirebaseFeature.debug.xcconfig"; path = "Pods/Target Support Files/Pods-FirebaseFeature/Pods-FirebaseFeature.debug.xcconfig"; sourceTree = "<group>"; };
		CFCF08C532DA336BD5AA8AD9 /* Pods-FirebaseFeature.release.xcconfig */ = {isa = PBXFileReference; includeInIndex = 1; lastKnownFileType = text.xcconfig; name = "Pods-FirebaseFeature.release.xcconfig"; path = "Pods/Target Support Files/Pods-FirebaseFeature/Pods-FirebaseFeature.release.xcconfig"; sourceTree = "<group>"; };
/* End PBXFileReference section */

/* Begin PBXFrameworksBuildPhase section */
		5836DD3F20CBB30A00508DF5 /* Frameworks */ = {
			isa = PBXFrameworksBuildPhase;
			buildActionMask = 2147483647;
			files = (
				149AA40FCA35D8E4839A0161 /* Pods_FirebaseFeature.framework in Frameworks */,
			);
			runOnlyForDeploymentPostprocessing = 0;
		};
/* End PBXFrameworksBuildPhase section */

/* Begin PBXGroup section */
		5836DD3920CBB30A00508DF5 = {
			isa = PBXGroup;
			children = (
				5836DD4420CBB30A00508DF5 /* FirebaseFeature */,
				5836DD4320CBB30A00508DF5 /* Products */,
				8CF5223EB81AF78B17E9EF38 /* Pods */,
				A2C2E63D7C0883908D8E1F73 /* Frameworks */,
			);
			sourceTree = "<group>";
		};
		5836DD4320CBB30A00508DF5 /* Products */ = {
			isa = PBXGroup;
			children = (
				5836DD4220CBB30A00508DF5 /* FirebaseFeature.app */,
			);
			name = Products;
			sourceTree = "<group>";
		};
		5836DD4420CBB30A00508DF5 /* FirebaseFeature */ = {
			isa = PBXGroup;
			children = (
				5836DD4520CBB30A00508DF5 /* AppDelegate.swift */,
				5836DD4720CBB30A00508DF5 /* ViewController.swift */,
				5836DD4920CBB30A00508DF5 /* Main.storyboard */,
				5836DD4C20CBB30B00508DF5 /* Assets.xcassets */,
				5836DD4E20CBB30B00508DF5 /* LaunchScreen.storyboard */,
				5836DD5120CBB30B00508DF5 /* Info.plist */,
				5836DD5720CBB49900508DF5 /* GoogleService-Info.plist */,
			);
			path = FirebaseFeature;
			sourceTree = "<group>";
		};
		8CF5223EB81AF78B17E9EF38 /* Pods */ = {
			isa = PBXGroup;
			children = (
				7A2BB63140BAC2C07B6B1FF4 /* Pods-FirebaseFeature.debug.xcconfig */,
				CFCF08C532DA336BD5AA8AD9 /* Pods-FirebaseFeature.release.xcconfig */,
			);
			name = Pods;
			sourceTree = "<group>";
		};
		A2C2E63D7C0883908D8E1F73 /* Frameworks */ = {
			isa = PBXGroup;
			children = (
				721CC75F7D6958546D4DD169 /* Pods_FirebaseFeature.framework */,
			);
			name = Frameworks;
			sourceTree = "<group>";
		};
/* End PBXGroup section */

/* Begin PBXNativeTarget section */
		5836DD4120CBB30A00508DF5 /* FirebaseFeature */ = {
			isa = PBXNativeTarget;
			buildConfigurationList = 5836DD5420CBB30B00508DF5 /* Build configuration list for PBXNativeTarget "FirebaseFeature" */;
			buildPhases = (
				A97B944357D19C314FC5611E /* [CP] Check Pods Manifest.lock */,
				5836DD3E20CBB30A00508DF5 /* Sources */,
				5836DD3F20CBB30A00508DF5 /* Frameworks */,
				5836DD4020CBB30A00508DF5 /* Resources */,
				8F2D8B9F82A242A5FDA816BE /* [CP] Embed Pods Frameworks */,
				BFE84C85435CA11BDB6C731D /* [CP] Copy Pods Resources */,
				5836DD7720CBB6CC00508DF5 /* ShellScript */,
			);
			buildRules = (
			);
			dependencies = (
			);
			name = FirebaseFeature;
			productName = FirebaseFeature;
			productReference = 5836DD4220CBB30A00508DF5 /* FirebaseFeature.app */;
			productType = "com.apple.product-type.application";
		};
/* End PBXNativeTarget section */

/* Begin PBXProject section */
		5836DD3A20CBB30A00508DF5 /* Project object */ = {
			isa = PBXProject;
			attributes = {
				LastSwiftUpdateCheck = 0930;
				LastUpgradeCheck = 0930;
				ORGANIZATIONNAME = "M. Zharif Hadi M. Khairuddin";
				TargetAttributes = {
					5836DD4120CBB30A00508DF5 = {
						CreatedOnToolsVersion = 9.3;
					};
				};
			};
			buildConfigurationList = 5836DD3D20CBB30A00508DF5 /* Build configuration list for PBXProject "FirebaseFeature" */;
			compatibilityVersion = "Xcode 9.3";
			developmentRegion = en;
			hasScannedForEncodings = 0;
			knownRegions = (
				en,
				Base,
			);
			mainGroup = 5836DD3920CBB30A00508DF5;
			productRefGroup = 5836DD4320CBB30A00508DF5 /* Products */;
			projectDirPath = "";
			projectRoot = "";
			targets = (
				5836DD4120CBB30A00508DF5 /* FirebaseFeature */,
			);
		};
/* End PBXProject section */

/* Begin PBXResourcesBuildPhase section */
		5836DD4020CBB30A00508DF5 /* Resources */ = {
			isa = PBXResourcesBuildPhase;
			buildActionMask = 2147483647;
			files = (
				5836DD5020CBB30B00508DF5 /* LaunchScreen.storyboard in Resources */,
				5836DD5820CBB49900508DF5 /* GoogleService-Info.plist in Resources */,
				5836DD4D20CBB30B00508DF5 /* Assets.xcassets in Resources */,
				5836DD4B20CBB30A00508DF5 /* Main.storyboard in Resources */,
			);
			runOnlyForDeploymentPostprocessing = 0;
		};
/* End PBXResourcesBuildPhase section */

/* Begin PBXShellScriptBuildPhase section */
		5836DD7720CBB6CC00508DF5 /* ShellScript */ = {
			isa = PBXShellScriptBuildPhase;
			buildActionMask = 2147483647;
			files = (
			);
			inputPaths = (
			);
			outputPaths = (
			);
			runOnlyForDeploymentPostprocessing = 0;
			shellPath = /bin/sh;
			shellScript = "\"${PODS_ROOT}/Fabric/run\"";
		};
		8F2D8B9F82A242A5FDA816BE /* [CP] Embed Pods Frameworks */ = {
			isa = PBXShellScriptBuildPhase;
			buildActionMask = 2147483647;
			files = (
			);
			inputPaths = (
				"${SRCROOT}/Pods/Target Support Files/Pods-FirebaseFeature/Pods-FirebaseFeature-frameworks.sh",
				"${BUILT_PRODUCTS_DIR}/GoogleToolboxForMac/GoogleToolboxForMac.framework",
				"${BUILT_PRODUCTS_DIR}/nanopb/nanopb.framework",
			);
			name = "[CP] Embed Pods Frameworks";
			outputPaths = (
				"${TARGET_BUILD_DIR}/${FRAMEWORKS_FOLDER_PATH}/GoogleToolboxForMac.framework",
				"${TARGET_BUILD_DIR}/${FRAMEWORKS_FOLDER_PATH}/nanopb.framework",
			);
			runOnlyForDeploymentPostprocessing = 0;
			shellPath = /bin/sh;
			shellScript = "\"${SRCROOT}/Pods/Target Support Files/Pods-FirebaseFeature/Pods-FirebaseFeature-frameworks.sh\"\n";
			showEnvVarsInLog = 0;
		};
		A97B944357D19C314FC5611E /* [CP] Check Pods Manifest.lock */ = {
			isa = PBXShellScriptBuildPhase;
			buildActionMask = 2147483647;
			files = (
			);
			inputPaths = (
				"${PODS_PODFILE_DIR_PATH}/Podfile.lock",
				"${PODS_ROOT}/Manifest.lock",
			);
			name = "[CP] Check Pods Manifest.lock";
			outputPaths = (
				"$(DERIVED_FILE_DIR)/Pods-FirebaseFeature-checkManifestLockResult.txt",
			);
			runOnlyForDeploymentPostprocessing = 0;
			shellPath = /bin/sh;
			shellScript = "diff \"${PODS_PODFILE_DIR_PATH}/Podfile.lock\" \"${PODS_ROOT}/Manifest.lock\" > /dev/null\nif [ $? != 0 ] ; then\n    # print error to STDERR\n    echo \"error: The sandbox is not in sync with the Podfile.lock. Run 'pod install' or update your CocoaPods installation.\" >&2\n    exit 1\nfi\n# This output is used by Xcode 'outputs' to avoid re-running this script phase.\necho \"SUCCESS\" > \"${SCRIPT_OUTPUT_FILE_0}\"\n";
			showEnvVarsInLog = 0;
		};
		BFE84C85435CA11BDB6C731D /* [CP] Copy Pods Resources */ = {
			isa = PBXShellScriptBuildPhase;
			buildActionMask = 2147483647;
			files = (
			);
			inputPaths = (
			);
			name = "[CP] Copy Pods Resources";
			outputPaths = (
			);
			runOnlyForDeploymentPostprocessing = 0;
			shellPath = /bin/sh;
			shellScript = "\"${SRCROOT}/Pods/Target Support Files/Pods-FirebaseFeature/Pods-FirebaseFeature-resources.sh\"\n";
			showEnvVarsInLog = 0;
		};
/* End PBXShellScriptBuildPhase section */

/* Begin PBXSourcesBuildPhase section */
		5836DD3E20CBB30A00508DF5 /* Sources */ = {
			isa = PBXSourcesBuildPhase;
			buildActionMask = 2147483647;
			files = (
				5836DD4820CBB30A00508DF5 /* ViewController.swift in Sources */,
				5836DD4620CBB30A00508DF5 /* AppDelegate.swift in Sources */,
			);
			runOnlyForDeploymentPostprocessing = 0;
		};
/* End PBXSourcesBuildPhase section */

/* Begin PBXVariantGroup section */
		5836DD4920CBB30A00508DF5 /* Main.storyboard */ = {
			isa = PBXVariantGroup;
			children = (
				5836DD4A20CBB30A00508DF5 /* Base */,
			);
			name = Main.storyboard;
			sourceTree = "<group>";
		};
		5836DD4E20CBB30B00508DF5 /* LaunchScreen.storyboard */ = {
			isa = PBXVariantGroup;
			children = (
				5836DD4F20CBB30B00508DF5 /* Base */,
			);
			name = LaunchScreen.storyboard;
			sourceTree = "<group>";
		};
/* End PBXVariantGroup section */

/* Begin XCBuildConfiguration section */
		5836DD5220CBB30B00508DF5 /* Debug */ = {
			isa = XCBuildConfiguration;
			buildSettings = {
				ALWAYS_SEARCH_USER_PATHS = NO;
				CLANG_ANALYZER_NONNULL = YES;
				CLANG_ANALYZER_NUMBER_OBJECT_CONVERSION = YES_AGGRESSIVE;
				CLANG_CXX_LANGUAGE_STANDARD = "gnu++14";
				CLANG_CXX_LIBRARY = "libc++";
				CLANG_ENABLE_MODULES = YES;
				CLANG_ENABLE_OBJC_ARC = YES;
				CLANG_ENABLE_OBJC_WEAK = YES;
				CLANG_WARN_BLOCK_CAPTURE_AUTORELEASING = YES;
				CLANG_WARN_BOOL_CONVERSION = YES;
				CLANG_WARN_COMMA = YES;
				CLANG_WARN_CONSTANT_CONVERSION = YES;
				CLANG_WARN_DEPRECATED_OBJC_IMPLEMENTATIONS = YES;
				CLANG_WARN_DIRECT_OBJC_ISA_USAGE = YES_ERROR;
				CLANG_WARN_DOCUMENTATION_COMMENTS = YES;
				CLANG_WARN_EMPTY_BODY = YES;
				CLANG_WARN_ENUM_CONVERSION = YES;
				CLANG_WARN_INFINITE_RECURSION = YES;
				CLANG_WARN_INT_CONVERSION = YES;
				CLANG_WARN_NON_LITERAL_NULL_CONVERSION = YES;
				CLANG_WARN_OBJC_IMPLICIT_RETAIN_SELF = YES;
				CLANG_WARN_OBJC_LITERAL_CONVERSION = YES;
				CLANG_WARN_OBJC_ROOT_CLASS = YES_ERROR;
				CLANG_WARN_RANGE_LOOP_ANALYSIS = YES;
				CLANG_WARN_STRICT_PROTOTYPES = YES;
				CLANG_WARN_SUSPICIOUS_MOVE = YES;
				CLANG_WARN_UNGUARDED_AVAILABILITY = YES_AGGRESSIVE;
				CLANG_WARN_UNREACHABLE_CODE = YES;
				CLANG_WARN__DUPLICATE_METHOD_MATCH = YES;
				CODE_SIGN_IDENTITY = "iPhone Developer";
				COPY_PHASE_STRIP = NO;
				DEBUG_INFORMATION_FORMAT = dwarf;
				ENABLE_STRICT_OBJC_MSGSEND = YES;
				ENABLE_TESTABILITY = YES;
				GCC_C_LANGUAGE_STANDARD = gnu11;
				GCC_DYNAMIC_NO_PIC = NO;
				GCC_NO_COMMON_BLOCKS = YES;
				GCC_OPTIMIZATION_LEVEL = 0;
				GCC_PREPROCESSOR_DEFINITIONS = (
					"DEBUG=1",
					"$(inherited)",
				);
				GCC_WARN_64_TO_32_BIT_CONVERSION = YES;
				GCC_WARN_ABOUT_RETURN_TYPE = YES_ERROR;
				GCC_WARN_UNDECLARED_SELECTOR = YES;
				GCC_WARN_UNINITIALIZED_AUTOS = YES_AGGRESSIVE;
				GCC_WARN_UNUSED_FUNCTION = YES;
				GCC_WARN_UNUSED_VARIABLE = YES;
				IPHONEOS_DEPLOYMENT_TARGET = 11.3;
				MTL_ENABLE_DEBUG_INFO = YES;
				ONLY_ACTIVE_ARCH = YES;
				SDKROOT = iphoneos;
				SWIFT_ACTIVE_COMPILATION_CONDITIONS = DEBUG;
				SWIFT_OPTIMIZATION_LEVEL = "-Onone";
			};
			name = Debug;
		};
		5836DD5320CBB30B00508DF5 /* Release */ = {
			isa = XCBuildConfiguration;
			buildSettings = {
				ALWAYS_SEARCH_USER_PATHS = NO;
				CLANG_ANALYZER_NONNULL = YES;
				CLANG_ANALYZER_NUMBER_OBJECT_CONVERSION = YES_AGGRESSIVE;
				CLANG_CXX_LANGUAGE_STANDARD = "gnu++14";
				CLANG_CXX_LIBRARY = "libc++";
				CLANG_ENABLE_MODULES = YES;
				CLANG_ENABLE_OBJC_ARC = YES;
				CLANG_ENABLE_OBJC_WEAK = YES;
				CLANG_WARN_BLOCK_CAPTURE_AUTORELEASING = YES;
				CLANG_WARN_BOOL_CONVERSION = YES;
				CLANG_WARN_COMMA = YES;
				CLANG_WARN_CONSTANT_CONVERSION = YES;
				CLANG_WARN_DEPRECATED_OBJC_IMPLEMENTATIONS = YES;
				CLANG_WARN_DIRECT_OBJC_ISA_USAGE = YES_ERROR;
				CLANG_WARN_DOCUMENTATION_COMMENTS = YES;
				CLANG_WARN_EMPTY_BODY = YES;
				CLANG_WARN_ENUM_CONVERSION = YES;
				CLANG_WARN_INFINITE_RECURSION = YES;
				CLANG_WARN_INT_CONVERSION = YES;
				CLANG_WARN_NON_LITERAL_NULL_CONVERSION = YES;
				CLANG_WARN_OBJC_IMPLICIT_RETAIN_SELF = YES;
				CLANG_WARN_OBJC_LITERAL_CONVERSION = YES;
				CLANG_WARN_OBJC_ROOT_CLASS = YES_ERROR;
				CLANG_WARN_RANGE_LOOP_ANALYSIS = YES;
				CLANG_WARN_STRICT_PROTOTYPES = YES;
				CLANG_WARN_SUSPICIOUS_MOVE = YES;
				CLANG_WARN_UNGUARDED_AVAILABILITY = YES_AGGRESSIVE;
				CLANG_WARN_UNREACHABLE_CODE = YES;
				CLANG_WARN__DUPLICATE_METHOD_MATCH = YES;
				CODE_SIGN_IDENTITY = "iPhone Developer";
				COPY_PHASE_STRIP = NO;
				DEBUG_INFORMATION_FORMAT = "dwarf-with-dsym";
				ENABLE_NS_ASSERTIONS = NO;
				ENABLE_STRICT_OBJC_MSGSEND = YES;
				GCC_C_LANGUAGE_STANDARD = gnu11;
				GCC_NO_COMMON_BLOCKS = YES;
				GCC_WARN_64_TO_32_BIT_CONVERSION = YES;
				GCC_WARN_ABOUT_RETURN_TYPE = YES_ERROR;
				GCC_WARN_UNDECLARED_SELECTOR = YES;
				GCC_WARN_UNINITIALIZED_AUTOS = YES_AGGRESSIVE;
				GCC_WARN_UNUSED_FUNCTION = YES;
				GCC_WARN_UNUSED_VARIABLE = YES;
				IPHONEOS_DEPLOYMENT_TARGET = 11.3;
				MTL_ENABLE_DEBUG_INFO = NO;
				SDKROOT = iphoneos;
				SWIFT_COMPILATION_MODE = wholemodule;
				SWIFT_OPTIMIZATION_LEVEL = "-O";
				VALIDATE_PRODUCT = YES;
			};
			name = Release;
		};
		5836DD5520CBB30B00508DF5 /* Debug */ = {
			isa = XCBuildConfiguration;
			baseConfigurationReference = 7A2BB63140BAC2C07B6B1FF4 /* Pods-FirebaseFeature.debug.xcconfig */;
			buildSettings = {
				ASSETCATALOG_COMPILER_APPICON_NAME = AppIcon;
				CODE_SIGN_STYLE = Automatic;
				DEBUG_INFORMATION_FORMAT = "dwarf-with-dsym";
				DEVELOPMENT_TEAM = Y6UT6A87VB;
				INFOPLIST_FILE = FirebaseFeature/Info.plist;
				LD_RUNPATH_SEARCH_PATHS = (
					"$(inherited)",
					"@executable_path/Frameworks",
				);
				PRODUCT_BUNDLE_IDENTIFIER = Locust.Inc.FirebaseFeature;
				PRODUCT_NAME = "$(TARGET_NAME)";
				SWIFT_VERSION = 4.0;
				TARGETED_DEVICE_FAMILY = "1,2";
			};
			name = Debug;
		};
		5836DD5620CBB30B00508DF5 /* Release */ = {
			isa = XCBuildConfiguration;
			baseConfigurationReference = CFCF08C532DA336BD5AA8AD9 /* Pods-FirebaseFeature.release.xcconfig */;
			buildSettings = {
				ASSETCATALOG_COMPILER_APPICON_NAME = AppIcon;
				CODE_SIGN_STYLE = Automatic;
				DEBUG_INFORMATION_FORMAT = "dwarf-with-dsym";
				DEVELOPMENT_TEAM = Y6UT6A87VB;
				INFOPLIST_FILE = FirebaseFeature/Info.plist;
				LD_RUNPATH_SEARCH_PATHS = (
					"$(inherited)",
					"@executable_path/Frameworks",
				);
				PRODUCT_BUNDLE_IDENTIFIER = Locust.Inc.FirebaseFeature;
				PRODUCT_NAME = "$(TARGET_NAME)";
				SWIFT_VERSION = 4.0;
				TARGETED_DEVICE_FAMILY = "1,2";
			};
			name = Release;
		};
/* End XCBuildConfiguration section */

/* Begin XCConfigurationList section */
		5836DD3D20CBB30A00508DF5 /* Build configuration list for PBXProject "FirebaseFeature" */ = {
			isa = XCConfigurationList;
			buildConfigurations = (
				5836DD5220CBB30B00508DF5 /* Debug */,
				5836DD5320CBB30B00508DF5 /* Release */,
			);
			defaultConfigurationIsVisible = 0;
			defaultConfigurationName = Release;
		};
		5836DD5420CBB30B00508DF5 /* Build configuration list for PBXNativeTarget "FirebaseFeature" */ = {
			isa = XCConfigurationList;
			buildConfigurations = (
				5836DD5520CBB30B00508DF5 /* Debug */,
				5836DD5620CBB30B00508DF5 /* Release */,
			);
			defaultConfigurationIsVisible = 0;
			defaultConfigurationName = Release;
		};
/* End XCConfigurationList section */
	};
	rootObject = 5836DD3A20CBB30A00508DF5 /* Project object */;
}
